
Microsoft Visual Studio Solution File, Format Version 12.00
# Visual Studio Version 16
VisualStudioVersion = 16.0.31515.178
MinimumVisualStudioVersion = 10.0.40219.1
Project("{FAE04EC0-301F-11D3-BF4B-00C04F79EFBC}") = "RestEntry", "RestEntry\RestEntry.csproj", "{C93FE9FB-D917-4BDC-A040-9D3FB453365A}"
EndProject
Global
	GlobalSection(SolutionConfigurationPlatforms) = preSolution
		Debug|Any CPU = Debug|Any CPU
		Release|Any CPU = Release|Any CPU
	EndGlobalSection
	GlobalSection(ProjectConfigurationPlatforms) = postSolution
		{C93FE9FB-D917-4BDC-A040-9D3FB453365A}.Debug|Any CPU.ActiveCfg = Debug|Any CPU
		{C93FE9FB-D917-4BDC-A040-9D3FB453365A}.Debug|Any CPU.Build.0 = Debug|Any CPU
		{C93FE9FB-D917-4BDC-A040-9D3FB453365A}.Release|Any CPU.ActiveCfg = Release|Any CPU
		{C93FE9FB-D917-4BDC-A040-9D3FB453365A}.Release|Any CPU.Build.0 = Release|Any CPU
	EndGlobalSection
	GlobalSection(SolutionProperties) = preSolution
		HideSolutionNode = FALSE
	EndGlobalSection
	GlobalSection(ExtensibilityGlobals) = postSolution
		SolutionGuid = {5B5DB875-6E4D-4033-9072-F07152BBBB2B}
	EndGlobalSection
EndGlobal
