
Microsoft Visual Studio Solution File, Format Version 12.00
# Visual Studio Version 16
VisualStudioVersion = 16.0.31515.178
MinimumVisualStudioVersion = 10.0.40219.1
Project("{FAE04EC0-301F-11D3-BF4B-00C04F79EFBC}") = "RestEntry", "RestEntry\RestEntry.csproj", "{C93FE9FB-D917-4BDC-A040-9D3FB453365A}"
EndProject
Project("{FAE04EC0-301F-11D3-BF4B-00C04F79EFBC}") = "Pure.Functions", "Pure.Functions\Pure.Functions.csproj", "{FC9644AF-171F-4B9D-ADFD-380A91263B19}"
EndProject
Project("{FAE04EC0-301F-11D3-BF4B-00C04F79EFBC}") = "Tests", "Tests\Tests.csproj", "{B959A467-FCEF-440F-92E9-6E4CC5CFF12E}"
EndProject
Project("{FAE04EC0-301F-11D3-BF4B-00C04F79EFBC}") = "Repository", "Repository\Repository.csproj", "{6A12DDCB-9DFB-447D-AB33-30F9EDD8957D}"
EndProject
Global
	GlobalSection(SolutionConfigurationPlatforms) = preSolution
		Debug|Any CPU = Debug|Any CPU
		Release|Any CPU = Release|Any CPU
	EndGlobalSection
	GlobalSection(ProjectConfigurationPlatforms) = postSolution
		{C93FE9FB-D917-4BDC-A040-9D3FB453365A}.Debug|Any CPU.ActiveCfg = Debug|Any CPU
		{C93FE9FB-D917-4BDC-A040-9D3FB453365A}.Debug|Any CPU.Build.0 = Debug|Any CPU
		{C93FE9FB-D917-4BDC-A040-9D3FB453365A}.Release|Any CPU.ActiveCfg = Release|Any CPU
		{C93FE9FB-D917-4BDC-A040-9D3FB453365A}.Release|Any CPU.Build.0 = Release|Any CPU
		{FC9644AF-171F-4B9D-ADFD-380A91263B19}.Debug|Any CPU.ActiveCfg = Debug|Any CPU
		{FC9644AF-171F-4B9D-ADFD-380A91263B19}.Debug|Any CPU.Build.0 = Debug|Any CPU
		{FC9644AF-171F-4B9D-ADFD-380A91263B19}.Release|Any CPU.ActiveCfg = Release|Any CPU
		{FC9644AF-171F-4B9D-ADFD-380A91263B19}.Release|Any CPU.Build.0 = Release|Any CPU
		{B959A467-FCEF-440F-92E9-6E4CC5CFF12E}.Debug|Any CPU.ActiveCfg = Debug|Any CPU
		{B959A467-FCEF-440F-92E9-6E4CC5CFF12E}.Debug|Any CPU.Build.0 = Debug|Any CPU
		{B959A467-FCEF-440F-92E9-6E4CC5CFF12E}.Release|Any CPU.ActiveCfg = Release|Any CPU
		{B959A467-FCEF-440F-92E9-6E4CC5CFF12E}.Release|Any CPU.Build.0 = Release|Any CPU
		{6A12DDCB-9DFB-447D-AB33-30F9EDD8957D}.Debug|Any CPU.ActiveCfg = Debug|Any CPU
		{6A12DDCB-9DFB-447D-AB33-30F9EDD8957D}.Debug|Any CPU.Build.0 = Debug|Any CPU
		{6A12DDCB-9DFB-447D-AB33-30F9EDD8957D}.Release|Any CPU.ActiveCfg = Release|Any CPU
		{6A12DDCB-9DFB-447D-AB33-30F9EDD8957D}.Release|Any CPU.Build.0 = Release|Any CPU
	EndGlobalSection
	GlobalSection(SolutionProperties) = preSolution
		HideSolutionNode = FALSE
	EndGlobalSection
	GlobalSection(ExtensibilityGlobals) = postSolution
		SolutionGuid = {5B5DB875-6E4D-4033-9072-F07152BBBB2B}
	EndGlobalSection
EndGlobal
